
Microsoft Visual Studio Solution File, Format Version 12.00
# Visual Studio 15
VisualStudioVersion = 15.0.28307.757
MinimumVisualStudioVersion = 10.0.40219.1
Project("{FAE04EC0-301F-11D3-BF4B-00C04F79EFBC}") = "Cellcorder Reporter", "Cellcorder Reporter.csproj", "{B3F15768-A749-49C2-AD7D-FFF0DCEAEC49}"
EndProject
Global
	GlobalSection(Performance) = preSolution
		HasPerformanceSessions = true
	EndGlobalSection
	GlobalSection(SolutionConfigurationPlatforms) = preSolution
		Debug|Any CPU = Debug|Any CPU
		Release|Any CPU = Release|Any CPU
	EndGlobalSection
	GlobalSection(ProjectConfigurationPlatforms) = postSolution
		{B3F15768-A749-49C2-AD7D-FFF0DCEAEC49}.Debug|Any CPU.ActiveCfg = Debug|Any CPU
		{B3F15768-A749-49C2-AD7D-FFF0DCEAEC49}.Debug|Any CPU.Build.0 = Debug|Any CPU
		{B3F15768-A749-49C2-AD7D-FFF0DCEAEC49}.Release|Any CPU.ActiveCfg = Release|Any CPU
		{B3F15768-A749-49C2-AD7D-FFF0DCEAEC49}.Release|Any CPU.Build.0 = Release|Any CPU
	EndGlobalSection
	GlobalSection(SolutionProperties) = preSolution
		HideSolutionNode = FALSE
	EndGlobalSection
	GlobalSection(ExtensibilityGlobals) = postSolution
		SolutionGuid = {323376CE-5627-4D65-8206-0FDAA53CBC16}
	EndGlobalSection
	GlobalSection(Performance) = preSolution
		HasPerformanceSessions = true
	EndGlobalSection
EndGlobal
